
Microsoft Visual Studio Solution File, Format Version 12.00
# Visual Studio Version 16
VisualStudioVersion = 16.0.29418.71
MinimumVisualStudioVersion = 10.0.40219.1
Project("{FAE04EC0-301F-11D3-BF4B-00C04F79EFBC}") = "WebApplication2", "WebApplication2\WebApplication2.csproj", "{23E6BAD2-22AE-4098-9E13-990B0E152EBF}"
EndProject
Global
	GlobalSection(SolutionConfigurationPlatforms) = preSolution
		Debug|Any CPU = Debug|Any CPU
		Release|Any CPU = Release|Any CPU
	EndGlobalSection
	GlobalSection(ProjectConfigurationPlatforms) = postSolution
		{23E6BAD2-22AE-4098-9E13-990B0E152EBF}.Debug|Any CPU.ActiveCfg = Debug|Any CPU
		{23E6BAD2-22AE-4098-9E13-990B0E152EBF}.Debug|Any CPU.Build.0 = Debug|Any CPU
		{23E6BAD2-22AE-4098-9E13-990B0E152EBF}.Release|Any CPU.ActiveCfg = Release|Any CPU
		{23E6BAD2-22AE-4098-9E13-990B0E152EBF}.Release|Any CPU.Build.0 = Release|Any CPU
	EndGlobalSection
	GlobalSection(SolutionProperties) = preSolution
		HideSolutionNode = FALSE
	EndGlobalSection
	GlobalSection(ExtensibilityGlobals) = postSolution
		SolutionGuid = {B58446B3-A10F-4335-A611-9F782426FEF2}
	EndGlobalSection
EndGlobal
